{
	"name": "@minipress/plugin-alias",
	"version": "0.4.0",
	"lockfileVersion": 1,
	"requires": true,
	"dependencies": {
		"@minipress/types": {
			"version": "0.1.1-alpha.25",
			"resolved": "https://registry.npmjs.org/@minipress/types/-/types-0.1.1-alpha.25.tgz",
			"integrity": "sha512-zDW7x2FRldnjdh0O4SLVUZ5cMWg2m8WRa1Ffz0AlvnrXohJJ7CUlYy2cwCD6R9MKpoJh69cG1hw1XzgIIL5INA==",
			"dev": true
		}
	}
}
