{
	"name": "@minipress/example-component-library",
	"version": "0.10.0",
	"lockfileVersion": 1,
	"requires": true,
	"dependencies": {
		"@popperjs/core": {
			"version": "2.6.0",
			"resolved": "https://registry.npmjs.org/@popperjs/core/-/core-2.6.0.tgz",
			"integrity": "sha512-cPqjjzuFWNK3BSKLm0abspP0sp/IGOli4p5I5fKFAzdS8fvjdOwDCfZqAaIiXd9lPkOWi3SUUfZof3hEb7J/uw=="
		},
		"@zeit-ui/themes": {
			"version": "1.0.1",
			"resolved": "https://registry.npmjs.org/@zeit-ui/themes/-/themes-1.0.1.tgz",
			"integrity": "sha512-cvgrv8YOBIIsNC9j+xwd4Umx/ko3VGDC0MoVXYywhyGManz0GWAyvG8n6f+bU5jOKS3xv/Z8lwmfWjIZQFllLA=="
		},
		"@zeit-ui/typography": {
			"version": "1.2.1",
			"resolved": "https://registry.npmjs.org/@zeit-ui/typography/-/typography-1.2.1.tgz",
			"integrity": "sha512-i8E5Jl8obMqHdcF/KWK6qRsf46KbDSZJVOoDtmV3q5A6pTDIdb7iRVDH8lkDQ0SkS9XSMICu0oQPiZmf5O3grQ=="
		},
		"@zeit-ui/vue": {
			"version": "2.5.1",
			"resolved": "https://registry.npmjs.org/@zeit-ui/vue/-/vue-2.5.1.tgz",
			"integrity": "sha512-22zMZcUMOPM7GdMwbLNpZAeWrMymTGForXIrGuXAk0AT8urnlQWCo9CSZJz39eI96DQ3xDXveX83xWTHaIgj1Q==",
			"requires": {
				"@popperjs/core": "^2.4.2",
				"@zeit-ui/themes": "^1.0.0",
				"@zeit-ui/typography": "^1.1.0"
			}
		}
	}
}
