{
	"name": "@minipress/types",
	"version": "0.10.0",
	"lockfileVersion": 1,
	"requires": true,
	"dependencies": {
		"@types/hapi__joi": {
			"version": "16.0.12",
			"resolved": "https://registry.npmjs.org/@types/hapi__joi/-/hapi__joi-16.0.12.tgz",
			"integrity": "sha512-xJYifuz59jXdWY5JMS15uvA3ycS3nQYOGqoIIE0+fwQ0qI3/4CxBc6RHsOTp6wk9M0NWEdpcTl02lOQOKMifbQ==",
			"dev": true
		},
		"@types/tapable": {
			"version": "1.0.6",
			"resolved": "https://registry.npmjs.org/@types/tapable/-/tapable-1.0.6.tgz",
			"integrity": "sha512-W+bw9ds02rAQaMvaLYxAbJ6cvguW/iJXNT6lTssS1ps6QdrMKttqEAMEG/b5CR8TZl3/L7/lH0ZV5nNR1LXikA==",
			"dev": true
		},
		"deepmerge": {
			"version": "1.5.2",
			"resolved": "https://registry.npmjs.org/deepmerge/-/deepmerge-1.5.2.tgz",
			"integrity": "sha512-95k0GDqvBjZavkuvzx/YqVLv/6YYa17fz6ILMSf7neqQITCPbnfEnQvEgMPNjH4kgobe7+WIL0yJEHku+H3qtQ==",
			"dev": true
		},
		"javascript-stringify": {
			"version": "2.0.1",
			"resolved": "https://registry.npmjs.org/javascript-stringify/-/javascript-stringify-2.0.1.tgz",
			"integrity": "sha512-yV+gqbd5vaOYjqlbk16EG89xB5udgjqQF3C5FAORDg4f/IS1Yc5ERCv5e/57yBcfJYw05V5JyIXabhwb75Xxow==",
			"dev": true
		},
		"webpack-chain": {
			"version": "6.5.1",
			"resolved": "https://registry.npmjs.org/webpack-chain/-/webpack-chain-6.5.1.tgz",
			"integrity": "sha512-7doO/SRtLu8q5WM0s7vPKPWX580qhi0/yBHkOxNkv50f6qB76Zy9o2wRTrrPULqYTvQlVHuvbA8v+G5ayuUDsA==",
			"dev": true,
			"requires": {
				"deepmerge": "^1.5.2",
				"javascript-stringify": "^2.0.1"
			}
		}
	}
}
