{
	"name": "@minipress/types",
	"version": "0.1.1-alpha.19",
	"lockfileVersion": 1,
	"requires": true,
	"dependencies": {
		"@hapi/address": {
			"version": "2.1.2",
			"resolved": "https://registry.npmjs.org/@hapi/address/-/address-2.1.2.tgz",
			"integrity": "sha512-O4QDrx+JoGKZc6aN64L04vqa7e41tIiLU+OvKdcYaEMP97UttL0f9GIi9/0A4WAMx0uBd6SidDIhktZhgOcN8Q==",
			"dev": true
		},
		"@hapi/formula": {
			"version": "1.2.0",
			"resolved": "https://registry.npmjs.org/@hapi/formula/-/formula-1.2.0.tgz",
			"integrity": "sha512-UFbtbGPjstz0eWHb+ga/GM3Z9EzqKXFWIbSOFURU0A/Gku0Bky4bCk9/h//K2Xr3IrCfjFNhMm4jyZ5dbCewGA==",
			"dev": true
		},
		"@hapi/hoek": {
			"version": "8.2.5",
			"resolved": "https://registry.npmjs.org/@hapi/hoek/-/hoek-8.2.5.tgz",
			"integrity": "sha512-rmGFzok1zR3xZKd5m3ihWdqafXFxvPHoQ/78+AG5URKbEbJiwBBfRgzbu+07W5f3+07JRshw6QqGbVmCp8ntig==",
			"dev": true
		},
		"@hapi/joi": {
			"version": "16.1.5",
			"resolved": "https://registry.npmjs.org/@hapi/joi/-/joi-16.1.5.tgz",
			"integrity": "sha512-FnVe0t1YQbF0H4fhFM6qBL7lIP4wdVHdFFBkloxgCkpKKdaCB6Z2UaNI0UalaDRHbRM9BvfTfyUKJg7tGtBSXg==",
			"dev": true,
			"requires": {
				"@hapi/address": "^2.1.2",
				"@hapi/formula": "^1.2.0",
				"@hapi/hoek": "^8.2.4",
				"@hapi/pinpoint": "^1.0.2",
				"@hapi/topo": "^3.1.3"
			}
		},
		"@hapi/pinpoint": {
			"version": "1.0.2",
			"resolved": "https://registry.npmjs.org/@hapi/pinpoint/-/pinpoint-1.0.2.tgz",
			"integrity": "sha512-dtXC/WkZBfC5vxscazuiJ6iq4j9oNx1SHknmIr8hofarpKUZKmlUVYVIhNVzIEgK5Wrc4GMHL5lZtt1uS2flmQ==",
			"dev": true
		},
		"@hapi/topo": {
			"version": "3.1.4",
			"resolved": "https://registry.npmjs.org/@hapi/topo/-/topo-3.1.4.tgz",
			"integrity": "sha512-aVWQTOI9wBD6zawmOr6f+tdEIxQC8JXfQVLTjgGe8YEStAWGn/GNNVTobKJhbWKveQj2RyYF3oYbO9SC8/eOCA==",
			"dev": true,
			"requires": {
				"@hapi/hoek": "8.x.x"
			}
		},
		"@types/joi": {
			"version": "14.3.3",
			"resolved": "https://registry.npmjs.org/@types/joi/-/joi-14.3.3.tgz",
			"integrity": "sha512-6gAT/UkIzYb7zZulAbcof3lFxpiD5EI6xBeTvkL1wYN12pnFQ+y/+xl9BvnVgxkmaIDN89xWhGZLD9CvuOtZ9g==",
			"dev": true
		},
		"deepmerge": {
			"version": "1.5.2",
			"resolved": "https://registry.npmjs.org/deepmerge/-/deepmerge-1.5.2.tgz",
			"integrity": "sha512-95k0GDqvBjZavkuvzx/YqVLv/6YYa17fz6ILMSf7neqQITCPbnfEnQvEgMPNjH4kgobe7+WIL0yJEHku+H3qtQ==",
			"dev": true
		},
		"javascript-stringify": {
			"version": "2.0.0",
			"resolved": "https://registry.npmjs.org/javascript-stringify/-/javascript-stringify-2.0.0.tgz",
			"integrity": "sha512-zzK8+ByrzvOL6N92hRewwUKL0wN0TOaIuUjX0Jj8lraxWvr5wHYs2YTjaj2lstF+8qMv5cmPPef47va8NT8lDw==",
			"dev": true
		},
		"webpack-chain": {
			"version": "6.0.0",
			"resolved": "https://registry.npmjs.org/webpack-chain/-/webpack-chain-6.0.0.tgz",
			"integrity": "sha512-NK62XgJOOSmYs4kaXFIKKeClpuOVHY7m6e4XwxbVX/2HAUboH6xFCTVXMVv8+jB6K8o/UGjlo1Cv3XXOyNAAGw==",
			"dev": true,
			"requires": {
				"deepmerge": "^1.5.2",
				"javascript-stringify": "^2.0.0"
			}
		}
	}
}
