{
	"name": "@minipress/types",
	"version": "0.7.0",
	"lockfileVersion": 1,
	"requires": true,
	"dependencies": {
		"@types/hapi__joi": {
			"version": "16.0.2",
			"resolved": "https://registry.npmjs.org/@types/hapi__joi/-/hapi__joi-16.0.2.tgz",
			"integrity": "sha512-mBJ70SvfnlmeVNRiq34M0FwZ0xkFwwLN2eQkneT2DStDITKiWEV4ycE2Muq0PavBj+pc8wVtxpJwAR+YAMIplg==",
			"dev": true
		},
		"@types/joi": {
			"version": "14.3.3",
			"resolved": "https://registry.npmjs.org/@types/joi/-/joi-14.3.3.tgz",
			"integrity": "sha512-6gAT/UkIzYb7zZulAbcof3lFxpiD5EI6xBeTvkL1wYN12pnFQ+y/+xl9BvnVgxkmaIDN89xWhGZLD9CvuOtZ9g==",
			"dev": true
		},
		"deepmerge": {
			"version": "1.5.2",
			"resolved": "https://registry.npmjs.org/deepmerge/-/deepmerge-1.5.2.tgz",
			"integrity": "sha512-95k0GDqvBjZavkuvzx/YqVLv/6YYa17fz6ILMSf7neqQITCPbnfEnQvEgMPNjH4kgobe7+WIL0yJEHku+H3qtQ==",
			"dev": true
		},
		"javascript-stringify": {
			"version": "2.0.0",
			"resolved": "https://registry.npmjs.org/javascript-stringify/-/javascript-stringify-2.0.0.tgz",
			"integrity": "sha512-zzK8+ByrzvOL6N92hRewwUKL0wN0TOaIuUjX0Jj8lraxWvr5wHYs2YTjaj2lstF+8qMv5cmPPef47va8NT8lDw==",
			"dev": true
		},
		"webpack-chain": {
			"version": "6.0.0",
			"resolved": "https://registry.npmjs.org/webpack-chain/-/webpack-chain-6.0.0.tgz",
			"integrity": "sha512-NK62XgJOOSmYs4kaXFIKKeClpuOVHY7m6e4XwxbVX/2HAUboH6xFCTVXMVv8+jB6K8o/UGjlo1Cv3XXOyNAAGw==",
			"dev": true,
			"requires": {
				"deepmerge": "^1.5.2",
				"javascript-stringify": "^2.0.0"
			}
		}
	}
}
