{
	"name": "@minipress/plugin-command-dev",
	"version": "0.1.1-alpha.23",
	"lockfileVersion": 1,
	"requires": true,
	"dependencies": {
		"@minipress/types": {
			"version": "0.1.1-alpha.23",
			"resolved": "https://registry.npmjs.org/@minipress/types/-/types-0.1.1-alpha.23.tgz",
			"integrity": "sha512-ZVEr3OiJ32+6Eowpe5IaJupclXXf76Ce6veIRbmzCpikl4hkXZpia+zbrx18fnTLJt2lBAEMfYqIkjtOwKj9QQ==",
			"dev": true
		}
	}
}
