{
	"name": "@snappy-apps/plugin-odata",
	"version": "0.1.1-alpha.22",
	"lockfileVersion": 1,
	"requires": true,
	"dependencies": {
		"cross-fetch": {
			"version": "3.0.4",
			"resolved": "https://registry.npmjs.org/cross-fetch/-/cross-fetch-3.0.4.tgz",
			"integrity": "sha512-MSHgpjQqgbT/94D4CyADeNoYh52zMkCX4pcJvPP5WqPsLFMKjr2TCMg381ox5qI0ii2dPwaLx/00477knXqXVw==",
			"requires": {
				"node-fetch": "2.6.0",
				"whatwg-fetch": "3.0.0"
			}
		},
		"hasurl": {
			"version": "1.0.0",
			"resolved": "https://registry.npmjs.org/hasurl/-/hasurl-1.0.0.tgz",
			"integrity": "sha512-43ypUd3DbwyCT01UYpA99AEZxZ4aKtRxWGBHEIbjcOsUghd9YUON0C+JF6isNjaiwC/UF5neaUudy6JS9jZPZQ=="
		},
		"lodash.sortby": {
			"version": "4.7.0",
			"resolved": "https://registry.npmjs.org/lodash.sortby/-/lodash.sortby-4.7.0.tgz",
			"integrity": "sha1-7dFMgk4sycHgsKG0K7UhBRakJDg="
		},
		"node-fetch": {
			"version": "2.6.0",
			"resolved": "https://registry.npmjs.org/node-fetch/-/node-fetch-2.6.0.tgz",
			"integrity": "sha512-8dG4H5ujfvFiqDmVu9fQ5bOHUC15JMjMY/Zumv26oOvvVJjM67KF8koCWIabKQ1GJIa9r2mMZscBq/TbdOcmNA=="
		},
		"o.js": {
			"version": "1.0.4",
			"resolved": "https://registry.npmjs.org/o.js/-/o.js-1.0.4.tgz",
			"integrity": "sha512-JEhOmWdaHMiK1QJ1iqAxPSGQF3o5IFmU0aQhxP6tw3C3bIt700I+K2XXliqIp9OqKEq2k8VZnSRMYnUFM5bhAA==",
			"requires": {
				"cross-fetch": "^3.0.0",
				"tslib": "^1.9.3",
				"universal-url": "2.0.0"
			}
		},
		"punycode": {
			"version": "2.1.1",
			"resolved": "https://registry.npmjs.org/punycode/-/punycode-2.1.1.tgz",
			"integrity": "sha512-XRsRjdf+j5ml+y/6GKHPZbrF/8p2Yga0JPtdqTIY2Xe5ohJPD9saDJJLPvp9+NSBprVvevdXZybnj2cv8OEd0A=="
		},
		"tr46": {
			"version": "1.0.1",
			"resolved": "https://registry.npmjs.org/tr46/-/tr46-1.0.1.tgz",
			"integrity": "sha1-qLE/1r/SSJUZZ0zN5VujaTtwbQk=",
			"requires": {
				"punycode": "^2.1.0"
			}
		},
		"tslib": {
			"version": "1.10.0",
			"resolved": "https://registry.npmjs.org/tslib/-/tslib-1.10.0.tgz",
			"integrity": "sha512-qOebF53frne81cf0S9B41ByenJ3/IuH8yJKngAX35CmiZySA0khhkovshKK+jGCaMnVomla7gVlIcc3EvKPbTQ=="
		},
		"universal-url": {
			"version": "2.0.0",
			"resolved": "https://registry.npmjs.org/universal-url/-/universal-url-2.0.0.tgz",
			"integrity": "sha512-3DLtXdm/G1LQMCnPj+Aw7uDoleQttNHp2g5FnNQKR6cP6taNWS1b/Ehjjx4PVyvejKi3TJyu8iBraKM4q3JQPg==",
			"requires": {
				"hasurl": "^1.0.0",
				"whatwg-url": "^7.0.0"
			}
		},
		"webidl-conversions": {
			"version": "4.0.2",
			"resolved": "https://registry.npmjs.org/webidl-conversions/-/webidl-conversions-4.0.2.tgz",
			"integrity": "sha512-YQ+BmxuTgd6UXZW3+ICGfyqRyHXVlD5GtQr5+qjiNW7bF0cqrzX500HVXPBOvgXb5YnzDd+h0zqyv61KUD7+Sg=="
		},
		"whatwg-fetch": {
			"version": "3.0.0",
			"resolved": "https://registry.npmjs.org/whatwg-fetch/-/whatwg-fetch-3.0.0.tgz",
			"integrity": "sha512-9GSJUgz1D4MfyKU7KRqwOjXCXTqWdFNvEr7eUBYchQiVc744mqK/MzXPNR2WsPkmkOa4ywfg8C2n8h+13Bey1Q=="
		},
		"whatwg-url": {
			"version": "7.0.0",
			"resolved": "https://registry.npmjs.org/whatwg-url/-/whatwg-url-7.0.0.tgz",
			"integrity": "sha512-37GeVSIJ3kn1JgKyjiYNmSLP1yzbpb29jdmwBSgkD9h40/hyrR/OifpVUndji3tmwGgD8qpw7iQu3RSbCrBpsQ==",
			"requires": {
				"lodash.sortby": "^4.7.0",
				"tr46": "^1.0.1",
				"webidl-conversions": "^4.0.2"
			}
		}
	}
}
