{
	"name": "@minipress/plugin-summary-container",
	"version": "0.9.0",
	"lockfileVersion": 1,
	"requires": true,
	"dependencies": {
		"@types/webpack-env": {
			"version": "1.14.1",
			"resolved": "https://registry.npmjs.org/@types/webpack-env/-/webpack-env-1.14.1.tgz",
			"integrity": "sha512-0Ki9jAAhKDSuLDXOIMADg54Hu60SuBTEsWaJGGy5cV+SSUQ63J2a+RrYYGrErzz39fXzTibhKrAQJAb8M7PNcA==",
			"dev": true
		},
		"vue": {
			"version": "2.6.10",
			"resolved": "https://registry.npmjs.org/vue/-/vue-2.6.10.tgz",
			"integrity": "sha512-ImThpeNU9HbdZL3utgMCq0oiMzAkt1mcgy3/E6zWC/G6AaQoeuFdsl9nDhTDU3X1R6FK7nsIUuRACVcjI+A2GQ==",
			"dev": true
		}
	}
}
