{
	"name": "@minipress/plugin-summary-container",
	"version": "0.4.0",
	"lockfileVersion": 1,
	"requires": true,
	"dependencies": {
		"@minipress/types": {
			"version": "0.1.1-alpha.25",
			"resolved": "https://registry.npmjs.org/@minipress/types/-/types-0.1.1-alpha.25.tgz",
			"integrity": "sha512-zDW7x2FRldnjdh0O4SLVUZ5cMWg2m8WRa1Ffz0AlvnrXohJJ7CUlYy2cwCD6R9MKpoJh69cG1hw1XzgIIL5INA==",
			"dev": true
		},
		"@types/webpack-env": {
			"version": "1.14.1",
			"resolved": "https://registry.npmjs.org/@types/webpack-env/-/webpack-env-1.14.1.tgz",
			"integrity": "sha512-0Ki9jAAhKDSuLDXOIMADg54Hu60SuBTEsWaJGGy5cV+SSUQ63J2a+RrYYGrErzz39fXzTibhKrAQJAb8M7PNcA==",
			"dev": true
		},
		"vue": {
			"version": "2.6.10",
			"resolved": "https://registry.npmjs.org/vue/-/vue-2.6.10.tgz",
			"integrity": "sha512-ImThpeNU9HbdZL3utgMCq0oiMzAkt1mcgy3/E6zWC/G6AaQoeuFdsl9nDhTDU3X1R6FK7nsIUuRACVcjI+A2GQ==",
			"dev": true
		}
	}
}
