{
	"name": "@minipress/plugin-summary-container",
	"version": "0.0.1",
	"lockfileVersion": 1,
	"requires": true,
	"dependencies": {
		"@minipress/types": {
			"version": "0.1.1-alpha.19",
			"resolved": "https://registry.npmjs.org/@minipress/types/-/types-0.1.1-alpha.19.tgz",
			"integrity": "sha512-2vAtf53QTG6WPx7zvZPmZyFnMjj624KtgYA/v3xwAzL44Z5CCzbgyr9DTO4vEWWSwiuFKSn+gplXzx4iG6Auew==",
			"dev": true
		}
	}
}
