{
	"name": "@minipress/config",
	"version": "0.8.0",
	"lockfileVersion": 1,
	"requires": true,
	"dependencies": {
		"@types/hapi__joi": {
			"version": "16.0.2",
			"resolved": "https://registry.npmjs.org/@types/hapi__joi/-/hapi__joi-16.0.2.tgz",
			"integrity": "sha512-mBJ70SvfnlmeVNRiq34M0FwZ0xkFwwLN2eQkneT2DStDITKiWEV4ycE2Muq0PavBj+pc8wVtxpJwAR+YAMIplg==",
			"dev": true
		}
	}
}
