{
	"name": "@minipress/config",
	"version": "0.10.0",
	"lockfileVersion": 1,
	"requires": true,
	"dependencies": {
		"@types/hapi__joi": {
			"version": "16.0.12",
			"resolved": "https://registry.npmjs.org/@types/hapi__joi/-/hapi__joi-16.0.12.tgz",
			"integrity": "sha512-xJYifuz59jXdWY5JMS15uvA3ycS3nQYOGqoIIE0+fwQ0qI3/4CxBc6RHsOTp6wk9M0NWEdpcTl02lOQOKMifbQ==",
			"dev": true
		}
	}
}
