{
	"name": "@minipress/code-gen",
	"version": "0.10.0",
	"lockfileVersion": 1,
	"requires": true,
	"dependencies": {
		"@types/prettier": {
			"version": "1.18.3",
			"resolved": "https://registry.npmjs.org/@types/prettier/-/prettier-1.18.3.tgz",
			"integrity": "sha512-48rnerQdcZ26odp+HOvDGX8IcUkYOCuMc2BodWYTe956MqkHlOGAG4oFQ83cjZ0a4GAgj7mb4GUClxYd2Hlodg==",
			"dev": true
		},
		"prettier": {
			"version": "1.18.2",
			"resolved": "https://registry.npmjs.org/prettier/-/prettier-1.18.2.tgz",
			"integrity": "sha512-OeHeMc0JhFE9idD4ZdtNibzY0+TPHSpSSb9h8FqtP+YnoZZ1sl8Vc9b1sasjfymH3SonAF4QcA2+mzHPhMvIiw=="
		}
	}
}
