{
	"name": "@minipress/code-gen",
	"version": "0.1.1-alpha.16",
	"lockfileVersion": 1,
	"requires": true,
	"dependencies": {
		"@types/prettier": {
			"version": "1.18.2",
			"resolved": "https://registry.npmjs.org/@types/prettier/-/prettier-1.18.2.tgz",
			"integrity": "sha512-2JBasa5Qaj81Qsp/dxX2Njy+MdKC767WytHUDsRM7TYEfQvKPxsnGpnCBlBS1i2Aiv1YwCpmKSbQ6O6v8TpiKg==",
			"dev": true
		},
		"prettier": {
			"version": "1.18.2",
			"resolved": "https://registry.npmjs.org/prettier/-/prettier-1.18.2.tgz",
			"integrity": "sha512-OeHeMc0JhFE9idD4ZdtNibzY0+TPHSpSSb9h8FqtP+YnoZZ1sl8Vc9b1sasjfymH3SonAF4QcA2+mzHPhMvIiw=="
		}
	}
}
