{
	"name": "@minipress/code-gen",
	"version": "0.10.0",
	"lockfileVersion": 1,
	"requires": true,
	"dependencies": {
		"@types/prettier": {
			"version": "1.19.1",
			"resolved": "https://registry.npmjs.org/@types/prettier/-/prettier-1.19.1.tgz",
			"integrity": "sha512-5qOlnZscTn4xxM5MeGXAMOsIOIKIbh9e85zJWfBRVPlRMEVawzoPhINYbRGkBZCI8LxvBe7tJCdWiarA99OZfQ==",
			"dev": true
		},
		"prettier": {
			"version": "1.19.1",
			"resolved": "https://registry.npmjs.org/prettier/-/prettier-1.19.1.tgz",
			"integrity": "sha512-s7PoyDv/II1ObgQunCbB9PdLmUcBZcnWOcxDh7O0N/UwDEsHyqkW+Qh28jW+mVuCdx7gLB0BotYI1Y6uI9iyew=="
		}
	}
}
