{
	"name": "@snappy-apps/theme-fiori",
	"version": "0.1.1-alpha.22",
	"lockfileVersion": 1,
	"requires": true,
	"dependencies": {
		"@ckienle/k-pop": {
			"version": "0.7.0",
			"resolved": "https://registry.npmjs.org/@ckienle/k-pop/-/k-pop-0.7.0.tgz",
			"integrity": "sha512-38B5kUc4nawO70CyEq44sSEE4E/tvbBYJeVosYSEI03JV59luifd8rKoGIPeKnkYDeTLauoIa51gNXgZhPthGw==",
			"requires": {
				"@linusborg/vue-simple-portal": "^0.1.3",
				"popper.js": "^1.15.0"
			}
		},
		"@linusborg/vue-simple-portal": {
			"version": "0.1.4",
			"resolved": "https://registry.npmjs.org/@linusborg/vue-simple-portal/-/vue-simple-portal-0.1.4.tgz",
			"integrity": "sha512-vYeWYIT9RQ+Lyg6SECPf5+rMeqni7QfXVT/srPkK5NqbpKhppLtkBsPo+VlP61ZecsS1fQQxlfu6Fng/eNukQQ==",
			"requires": {
				"nanoid": "^2.0.1"
			}
		},
		"@sap-theming/theming-base-content": {
			"version": "11.1.13",
			"resolved": "https://registry.npmjs.org/@sap-theming/theming-base-content/-/theming-base-content-11.1.13.tgz",
			"integrity": "sha512-FOlZw2VP4PDwcOujEZhDfBo89g0bXd9Jm9ltBT1hbw9J9tqXKDEE9VrHmNAFbRn9UrE5ebvTR+MRpgjBKR0EsQ=="
		},
		"focus-trap": {
			"version": "5.0.2",
			"resolved": "https://registry.npmjs.org/focus-trap/-/focus-trap-5.0.2.tgz",
			"integrity": "sha512-jQf4ZkX9qOhiNrga4pRh9N2vMqYLRuGM7RZ6VRDLgti04cbG8m7XD4xlU/N0M0cqwDYtXbdzSBQDbRIwqn0FIg==",
			"requires": {
				"tabbable": "^4.0.0",
				"xtend": "^4.0.1"
			}
		},
		"fundamental-styles": {
			"version": "0.2.0",
			"resolved": "https://registry.npmjs.org/fundamental-styles/-/fundamental-styles-0.2.0.tgz",
			"integrity": "sha512-doczof6smRYDpYx2zvbb4/CfPDz+0t9h++zcegRAeE3fYYGnZ4uPnXx7qUMsm7l58aLGF3qbPime2ofvnQzmjw==",
			"requires": {
				"@sap-theming/theming-base-content": "^11.1.10"
			}
		},
		"fundamental-vue": {
			"version": "0.18.1",
			"resolved": "https://registry.npmjs.org/fundamental-vue/-/fundamental-vue-0.18.1.tgz",
			"integrity": "sha512-+giuIern4vlcDJezl5Yi9Vs7LgSwQp7OdCVvXQquI6NziOqYKYXb/nG0KasPY46BmjiJY/Owm9cqCbSJAZN0BA==",
			"requires": {
				"@ckienle/k-pop": "^0.7.0",
				"@linusborg/vue-simple-portal": "^0.1.3",
				"focus-trap": "^5.0.1",
				"popper.js": "^1.15.0"
			}
		},
		"nanoid": {
			"version": "2.1.2",
			"resolved": "https://registry.npmjs.org/nanoid/-/nanoid-2.1.2.tgz",
			"integrity": "sha512-q0iKJHcLc9rZg/qtJ/ioG5s6/5357bqvkYCpqXJxpcyfK7L5us8+uJllZosqPWou7l6E1lY2Qqoq5ce+AMbFuQ=="
		},
		"popper.js": {
			"version": "1.15.0",
			"resolved": "https://registry.npmjs.org/popper.js/-/popper.js-1.15.0.tgz",
			"integrity": "sha512-w010cY1oCUmI+9KwwlWki+r5jxKfTFDVoadl7MSrIujHU5MJ5OR6HTDj6Xo8aoR/QsA56x8jKjA59qGH4ELtrA=="
		},
		"tabbable": {
			"version": "4.0.0",
			"resolved": "https://registry.npmjs.org/tabbable/-/tabbable-4.0.0.tgz",
			"integrity": "sha512-H1XoH1URcBOa/rZZWxLxHCtOdVUEev+9vo5YdYhC9tCY4wnybX+VQrCYuy9ubkg69fCBxCONJOSLGfw0DWMffQ=="
		},
		"xtend": {
			"version": "4.0.2",
			"resolved": "https://registry.npmjs.org/xtend/-/xtend-4.0.2.tgz",
			"integrity": "sha512-LKYU1iAXJXUgAXn9URjiu+MWhyUXHsvfp7mcuYm9dSUKK0/CjtrUwFAxD82/mCWbtLsGjFIad0wIsod4zrTAEQ=="
		}
	}
}
